
Microsoft Visual Studio Solution File, Format Version 12.00
# Visual Studio Version 16
VisualStudioVersion = 16.0.31105.61
MinimumVisualStudioVersion = 10.0.40219.1
Project("{FAE04EC0-301F-11D3-BF4B-00C04F79EFBC}") = "DotnetCoreEmptyApplication", "DotnetCoreEmptyApplication.csproj", "{DBEB2572-7034-4CFA-AE30-4F9F97FFC815}"
EndProject
Global
	GlobalSection(SolutionConfigurationPlatforms) = preSolution
		Debug|Any CPU = Debug|Any CPU
		Release|Any CPU = Release|Any CPU
	EndGlobalSection
	GlobalSection(ProjectConfigurationPlatforms) = postSolution
		{DBEB2572-7034-4CFA-AE30-4F9F97FFC815}.Debug|Any CPU.ActiveCfg = Debug|Any CPU
		{DBEB2572-7034-4CFA-AE30-4F9F97FFC815}.Debug|Any CPU.Build.0 = Debug|Any CPU
		{DBEB2572-7034-4CFA-AE30-4F9F97FFC815}.Release|Any CPU.ActiveCfg = Release|Any CPU
		{DBEB2572-7034-4CFA-AE30-4F9F97FFC815}.Release|Any CPU.Build.0 = Release|Any CPU
	EndGlobalSection
	GlobalSection(SolutionProperties) = preSolution
		HideSolutionNode = FALSE
	EndGlobalSection
	GlobalSection(ExtensibilityGlobals) = postSolution
		SolutionGuid = {0A070050-0E56-4D46-AA15-EBAA1090C9E4}
	EndGlobalSection
EndGlobal
